
Microsoft Visual Studio Solution File, Format Version 12.00
# Visual Studio 14
VisualStudioVersion = 14.0.25123.0
MinimumVisualStudioVersion = 10.0.40219.1
Project("{FAE04EC0-301F-11D3-BF4B-00C04F79EFBC}") = "SmartReactives", "SmartReactives\SmartReactives.csproj", "{BBD7D396-39A9-4ED6-B4D7-031E3F915C4A}"
EndProject
Project("{FAE04EC0-301F-11D3-BF4B-00C04F79EFBC}") = "SmartReactives.Test", "SmartReactives.Test\SmartReactives.Test.csproj", "{5D96260A-FAEC-4BF0-A887-5BF03B0E7A1B}"
EndProject
Project("{FAE04EC0-301F-11D3-BF4B-00C04F79EFBC}") = "SmartReactives.Examples", "SmartReactives.Examples\SmartReactives.Examples.csproj", "{E9153915-6C92-4718-A909-3429D2ACCD26}"
EndProject
Project("{FAE04EC0-301F-11D3-BF4B-00C04F79EFBC}") = "SmartReactives.PostsharpExamples", "SmartReactives.PostsharpExamples\SmartReactives.PostsharpExamples.csproj", "{332065CB-3136-4309-A064-1AC4959B123D}"
EndProject
Project("{FAE04EC0-301F-11D3-BF4B-00C04F79EFBC}") = "SmartReactives.PostSharp", "SmartReactives.PostSharp\SmartReactives.PostSharp.csproj", "{3E88EBFE-3BCE-4BB9-8D0F-4A60B119D8F5}"
EndProject
Project("{FAE04EC0-301F-11D3-BF4B-00C04F79EFBC}") = "SmartReactives.Postsharp.Test", "SmartReactives.Postsharp.Test\SmartReactives.Postsharp.Test.csproj", "{E9766DE1-A439-428B-BC27-F00110D0A9F8}"
EndProject
Global
	GlobalSection(SolutionConfigurationPlatforms) = preSolution
		Debug|Any CPU = Debug|Any CPU
		Release|Any CPU = Release|Any CPU
	EndGlobalSection
	GlobalSection(ProjectConfigurationPlatforms) = postSolution
		{BBD7D396-39A9-4ED6-B4D7-031E3F915C4A}.Debug|Any CPU.ActiveCfg = Debug|Any CPU
		{BBD7D396-39A9-4ED6-B4D7-031E3F915C4A}.Debug|Any CPU.Build.0 = Debug|Any CPU
		{BBD7D396-39A9-4ED6-B4D7-031E3F915C4A}.Release|Any CPU.ActiveCfg = Release|Any CPU
		{BBD7D396-39A9-4ED6-B4D7-031E3F915C4A}.Release|Any CPU.Build.0 = Release|Any CPU
		{5D96260A-FAEC-4BF0-A887-5BF03B0E7A1B}.Debug|Any CPU.ActiveCfg = Debug|Any CPU
		{5D96260A-FAEC-4BF0-A887-5BF03B0E7A1B}.Debug|Any CPU.Build.0 = Debug|Any CPU
		{5D96260A-FAEC-4BF0-A887-5BF03B0E7A1B}.Release|Any CPU.ActiveCfg = Release|Any CPU
		{5D96260A-FAEC-4BF0-A887-5BF03B0E7A1B}.Release|Any CPU.Build.0 = Release|Any CPU
		{E9153915-6C92-4718-A909-3429D2ACCD26}.Debug|Any CPU.ActiveCfg = Debug|Any CPU
		{E9153915-6C92-4718-A909-3429D2ACCD26}.Debug|Any CPU.Build.0 = Debug|Any CPU
		{E9153915-6C92-4718-A909-3429D2ACCD26}.Release|Any CPU.ActiveCfg = Release|Any CPU
		{E9153915-6C92-4718-A909-3429D2ACCD26}.Release|Any CPU.Build.0 = Release|Any CPU
		{332065CB-3136-4309-A064-1AC4959B123D}.Debug|Any CPU.ActiveCfg = Debug|Any CPU
		{332065CB-3136-4309-A064-1AC4959B123D}.Debug|Any CPU.Build.0 = Debug|Any CPU
		{332065CB-3136-4309-A064-1AC4959B123D}.Release|Any CPU.ActiveCfg = Release|Any CPU
		{332065CB-3136-4309-A064-1AC4959B123D}.Release|Any CPU.Build.0 = Release|Any CPU
		{3E88EBFE-3BCE-4BB9-8D0F-4A60B119D8F5}.Debug|Any CPU.ActiveCfg = Debug|Any CPU
		{3E88EBFE-3BCE-4BB9-8D0F-4A60B119D8F5}.Debug|Any CPU.Build.0 = Debug|Any CPU
		{3E88EBFE-3BCE-4BB9-8D0F-4A60B119D8F5}.Release|Any CPU.ActiveCfg = Release|Any CPU
		{3E88EBFE-3BCE-4BB9-8D0F-4A60B119D8F5}.Release|Any CPU.Build.0 = Release|Any CPU
		{E9766DE1-A439-428B-BC27-F00110D0A9F8}.Debug|Any CPU.ActiveCfg = Debug|Any CPU
		{E9766DE1-A439-428B-BC27-F00110D0A9F8}.Debug|Any CPU.Build.0 = Debug|Any CPU
		{E9766DE1-A439-428B-BC27-F00110D0A9F8}.Release|Any CPU.ActiveCfg = Release|Any CPU
		{E9766DE1-A439-428B-BC27-F00110D0A9F8}.Release|Any CPU.Build.0 = Release|Any CPU
	EndGlobalSection
	GlobalSection(SolutionProperties) = preSolution
		HideSolutionNode = FALSE
	EndGlobalSection
EndGlobal
