
Microsoft Visual Studio Solution File, Format Version 12.00
# Visual Studio 14
VisualStudioVersion = 14.0.25123.0
MinimumVisualStudioVersion = 10.0.40219.1
Project("{FAE04EC0-301F-11D3-BF4B-00C04F79EFBC}") = "SmartReactives", "SmartReactives\SmartReactives.csproj", "{BBD7D396-39A9-4ED6-B4D7-031E3F915C4A}"
EndProject
Project("{FAE04EC0-301F-11D3-BF4B-00C04F79EFBC}") = "SmartReactives.Test", "SmartReactives.Test\SmartReactives.Test.csproj", "{5D96260A-FAEC-4BF0-A887-5BF03B0E7A1B}"
EndProject
Global
	GlobalSection(SolutionConfigurationPlatforms) = preSolution
		Debug|Any CPU = Debug|Any CPU
		Release|Any CPU = Release|Any CPU
	EndGlobalSection
	GlobalSection(ProjectConfigurationPlatforms) = postSolution
		{BBD7D396-39A9-4ED6-B4D7-031E3F915C4A}.Debug|Any CPU.ActiveCfg = Debug|Any CPU
		{BBD7D396-39A9-4ED6-B4D7-031E3F915C4A}.Debug|Any CPU.Build.0 = Debug|Any CPU
		{BBD7D396-39A9-4ED6-B4D7-031E3F915C4A}.Release|Any CPU.ActiveCfg = Release|Any CPU
		{BBD7D396-39A9-4ED6-B4D7-031E3F915C4A}.Release|Any CPU.Build.0 = Release|Any CPU
		{5D96260A-FAEC-4BF0-A887-5BF03B0E7A1B}.Debug|Any CPU.ActiveCfg = Debug|Any CPU
		{5D96260A-FAEC-4BF0-A887-5BF03B0E7A1B}.Debug|Any CPU.Build.0 = Debug|Any CPU
		{5D96260A-FAEC-4BF0-A887-5BF03B0E7A1B}.Release|Any CPU.ActiveCfg = Release|Any CPU
		{5D96260A-FAEC-4BF0-A887-5BF03B0E7A1B}.Release|Any CPU.Build.0 = Release|Any CPU
	EndGlobalSection
	GlobalSection(SolutionProperties) = preSolution
		HideSolutionNode = FALSE
	EndGlobalSection
EndGlobal
